PODS:
  - Signals (6.0.0)
  - Theme (5.0.0):
    - Signals

DEPENDENCIES:
  - Signals (from `https://github.com/artman/Signals.git`, tag `6.0.0`)
  - Theme (from `.`)

EXTERNAL SOURCES:
  Signals:
    :git: https://github.com/artman/Signals.git
    :tag: 6.0.0
  Theme:
    :path: "."

CHECKOUT OPTIONS:
  Signals:
    :git: https://github.com/artman/Signals.git
    :tag: 6.0.0

SPEC CHECKSUMS:
  Signals: 71e3b5832062e61d3703d6d5a760c3fafb637c0e
  Theme: 975483eb6abd8cd8872cdd0549e986f1dd6a92e8

PODFILE CHECKSUM: 3e752682c594be31df507aa7e214e18971381922

COCOAPODS: 1.6.0.rc.1
