PODS:
  - Signals (6.0.0)
  - Theme (5.2.0):
    - Signals

DEPENDENCIES:
  - Signals (from `https://github.com/artman/Signals.git`, tag `6.0.0`)
  - Theme (from `../`)

EXTERNAL SOURCES:
  Signals:
    :git: https://github.com/artman/Signals.git
    :tag: 6.0.0
  Theme:
    :path: "../"

CHECKOUT OPTIONS:
  Signals:
    :git: https://github.com/artman/Signals.git
    :tag: 6.0.0

SPEC CHECKSUMS:
  Signals: e17e2bfa5ebd26c320fd07abf6b7933ec0abecb9
  Theme: 15c6f63a34c1f0a7fc338c2245d1a715c71f3fff

PODFILE CHECKSUM: d57f6420858f6b12d51b8386dfedc8319bfa1a07

COCOAPODS: 1.10.1
